
Microsoft Visual Studio Solution File, Format Version 12.00
# Visual Studio Version 17
VisualStudioVersion = 17.4.33103.184
MinimumVisualStudioVersion = 10.0.40219.1
Project("{FAE04EC0-301F-11D3-BF4B-00C04F79EFBC}") = "Ser. and Des. Using String Builder V1.5 -OOP", "Ser. and Des. Using String Builder V1.5 -OOP\Ser. and Des. Using String Builder V1.5 -OOP.csproj", "{B8DB61C2-E675-4D6F-BCCB-3EC9139EBFD4}"
EndProject
Global
	GlobalSection(SolutionConfigurationPlatforms) = preSolution
		Debug|Any CPU = Debug|Any CPU
		Release|Any CPU = Release|Any CPU
	EndGlobalSection
	GlobalSection(ProjectConfigurationPlatforms) = postSolution
		{B8DB61C2-E675-4D6F-BCCB-3EC9139EBFD4}.Debug|Any CPU.ActiveCfg = Debug|Any CPU
		{B8DB61C2-E675-4D6F-BCCB-3EC9139EBFD4}.Debug|Any CPU.Build.0 = Debug|Any CPU
		{B8DB61C2-E675-4D6F-BCCB-3EC9139EBFD4}.Release|Any CPU.ActiveCfg = Release|Any CPU
		{B8DB61C2-E675-4D6F-BCCB-3EC9139EBFD4}.Release|Any CPU.Build.0 = Release|Any CPU
	EndGlobalSection
	GlobalSection(SolutionProperties) = preSolution
		HideSolutionNode = FALSE
	EndGlobalSection
	GlobalSection(ExtensibilityGlobals) = postSolution
		SolutionGuid = {2E6AF408-8277-47E6-A805-75130B7E4253}
	EndGlobalSection
EndGlobal
